{
  "version": 1,
  "dependencies": {
    "net8.0": {
      "gdUnit4.api": {
        "type": "Direct",
        "requested": "[4.3.1, )",
        "resolved": "4.3.1",
        "contentHash": "JylIBBEIgkXQmF2meLTps4/JiGvf+ocOJ96/ohnJRP203E9zk5CWzni9aB9kCX/csueIUGwU1B1UhFLCWMMYQw==",
        "dependencies": {
          "CommandLineParser": "2.9.1",
          "Godot.SourceGenerators": "4.2.2",
          "GodotSharp": "4.2.2",
          "Microsoft.CodeAnalysis.CSharp": "4.9.2",
          "Moq": "4.18.4",
          "Newtonsoft.Json": "13.0.3"
        }
      },
      "gdUnit4.test.adapter": {
        "type": "Direct",
        "requested": "[2.0.0, )",
        "resolved": "2.0.0",
        "contentHash": "Aq9315k7m+XrN1SdaTvBq7FoHy3CH/2YEdKyzJIPPHEc9s/O4NPQwHbU9NhAokRjxBXR4CuWAFa+AePu26Y21g==",
        "dependencies": {
          "Godot.SourceGenerators": "4.2.2",
          "GodotSharp": "4.2.2",
          "Microsoft.NET.Test.Sdk": "17.9.0",
          "Microsoft.TestPlatform.AdapterUtilities": "17.9.0",
          "Microsoft.TestPlatform.ObjectModel": "17.9.0",
          "Newtonsoft.Json": "13.0.3",
          "coverlet.collector": "6.0.0",
          "gdUnit4.api": "4.3.0"
        }
      },
      "Godot.SourceGenerators": {
        "type": "Direct",
        "requested": "[4.2.2, )",
        "resolved": "4.2.2",
        "contentHash": "QGO7NjcG4W1doQTOXBp2TgAK+a6npFX2dYCw1CXttRh3/UI76sQnCUUe9/U95e6uMO9SzVK7wzEH3H4qGpOr4g=="
      },
      "GodotSharp": {
        "type": "Direct",
        "requested": "[4.2.2, )",
        "resolved": "4.2.2",
        "contentHash": "J2ZXDTuS4LlbPIOK2HCBD9lKNFvBzJLv6LIyFC3fAUKgUXZHvoKP/uwS+Iv/CrMZqsa+lQ+Wb4zfp5xoBrSCcw=="
      },
      "GodotSharpEditor": {
        "type": "Direct",
        "requested": "[4.2.2, )",
        "resolved": "4.2.2",
        "contentHash": "nNXntakfzSuH5AnQKBpznN8pF+3uYj9XmGIEMeR+6GOzg8gxx2b09bhVZm3q6onzldPEoo1YChBRL1zWWjOM6Q==",
        "dependencies": {
          "GodotSharp": "4.2.2"
        }
      },
      "Humanizer.Core": {
        "type": "Direct",
        "requested": "[2.14.1, )",
        "resolved": "2.14.1",
        "contentHash": "lQKvtaTDOXnoVJ20ibTuSIOf2i0uO0MPbDhd1jm238I+U/2ZnRENj0cktKZhtchBMtCUSRQ5v4xBCUbKNmyVMw=="
      },
      "Microsoft.NET.Test.Sdk": {
        "type": "Direct",
        "requested": "[17.9.0, )",
        "resolved": "17.9.0",
        "contentHash": "7GUNAUbJYn644jzwLm5BD3a2p9C1dmP8Hr6fDPDxgItQk9hBs1Svdxzz07KQ/UphMSmgza9AbijBJGmw5D658A==",
        "dependencies": {
          "Microsoft.CodeCoverage": "17.9.0",
          "Microsoft.TestPlatform.TestHost": "17.9.0"
        }
      },
      "System.IO.Ports": {
        "type": "Direct",
        "requested": "[8.0.0, )",
        "resolved": "8.0.0",
        "contentHash": "MaiPbx2/QXZc62gm/DrajRrGPG1lU4m08GWMoWiymPYM+ba4kfACp2PbiYpqJ4QiFGhHD00zX3RoVDTucjWe9g==",
        "dependencies": {
          "runtime.native.System.IO.Ports": "8.0.0"
        }
      },
      "Castle.Core": {
        "type": "Transitive",
        "resolved": "5.1.1",
        "contentHash": "rpYtIczkzGpf+EkZgDr9CClTdemhsrwA/W5hMoPjLkRFnXzH44zDLoovXeKtmxb1ykXK9aJVODSpiJml8CTw2g==",
        "dependencies": {
          "System.Diagnostics.EventLog": "6.0.0"
        }
      },
      "CommandLineParser": {
        "type": "Transitive",
        "resolved": "2.9.1",
        "contentHash": "OE0sl1/sQ37bjVsPKKtwQlWDgqaxWgtme3xZz7JssWUzg5JpMIyHgCTY9MVMxOg48fJ1AgGT3tgdH5m/kQ5xhA=="
      },
      "coverlet.collector": {
        "type": "Transitive",
        "resolved": "6.0.0",
        "contentHash": "tW3lsNS+dAEII6YGUX/VMoJjBS1QvsxqJeqLaJXub08y1FSjasFPtQ4UBUsudE9PNrzLjooClMsPtY2cZLdXpQ=="
      },
      "Macross.Json.Extensions": {
        "type": "Transitive",
        "resolved": "3.0.0",
        "contentHash": "AkNshs6dopj8FXsmkkJxvLivN2SyDJQDbjcds5lo9+Y6L4zpcoXdmzXQ3VVN+AIWQr0CTD5A7vkuHGAr2aypZg=="
      },
      "Microsoft.CodeAnalysis.Analyzers": {
        "type": "Transitive",
        "resolved": "3.3.4",
        "contentHash": "AxkxcPR+rheX0SmvpLVIGLhOUXAKG56a64kV9VQZ4y9gR9ZmPXnqZvHJnmwLSwzrEP6junUF11vuc+aqo5r68g=="
      },
      "Microsoft.CodeAnalysis.Common": {
        "type": "Transitive",
        "resolved": "4.9.2",
        "contentHash": "M5PThug7b2AdxL7xKmQs50KzAQTl9jENw5jMT3iUt16k+DAFlw1S87juU3UuPs3gvBm8trMBSOEvSFDr31c9Vw==",
        "dependencies": {
          "Microsoft.CodeAnalysis.Analyzers": "3.3.4",
          "System.Collections.Immutable": "8.0.0",
          "System.Reflection.Metadata": "8.0.0",
          "System.Runtime.CompilerServices.Unsafe": "6.0.0"
        }
      },
      "Microsoft.CodeAnalysis.CSharp": {
        "type": "Transitive",
        "resolved": "4.9.2",
        "contentHash": "HGIo7E9Mf3exAJbUdYpDFfLoYkSVaHDJXPyusWTYUTBaOPCowGw+Gap5McE1w+K+ryIXre72oiqL88sQHmHBmg==",
        "dependencies": {
          "Microsoft.CodeAnalysis.Common": "[4.9.2]"
        }
      },
      "Microsoft.CodeCoverage": {
        "type": "Transitive",
        "resolved": "17.9.0",
        "contentHash": "RGD37ZSrratfScYXm7M0HjvxMxZyWZL4jm+XgMZbkIY1UPgjUpbNA/t+WTGj/rC/0Hm9A3IrH3ywbKZkOCnoZA=="
      },
      "Microsoft.TestPlatform.AdapterUtilities": {
        "type": "Transitive",
        "resolved": "17.9.0",
        "contentHash": "ZpW4jl+oseIIln7sxfsr/TrKtSGrZHssQPFLdbxc3R4V0wB5isBEm8kUoeF1hnntIRoDDt/T2jDnYD8/SEIObg=="
      },
      "Microsoft.TestPlatform.ObjectModel": {
        "type": "Transitive",
        "resolved": "17.9.0",
        "contentHash": "1ilw/8vgmjLyKU+2SKXKXaOqpYFJCQfGqGz+x0cosl981VzjrY74Sv6qAJv+neZMZ9ZMxF3ArN6kotaQ4uvEBw==",
        "dependencies": {
          "System.Reflection.Metadata": "1.6.0"
        }
      },
      "Microsoft.TestPlatform.TestHost": {
        "type": "Transitive",
        "resolved": "17.9.0",
        "contentHash": "Spmg7Wx49Ya3SxBjyeAR+nQpjMTKZwTwpZ7KyeOTIqI/WHNPnBU4HUvl5kuHPQAwGWqMy4FGZja1HvEwvoaDiA==",
        "dependencies": {
          "Microsoft.TestPlatform.ObjectModel": "17.9.0",
          "Newtonsoft.Json": "13.0.1"
        }
      },
      "Moq": {
        "type": "Transitive",
        "resolved": "4.18.4",
        "contentHash": "IOo+W51+7Afnb0noltJrKxPBSfsgMzTKCw+Re5AMx8l/vBbAbMDOynLik4+lBYIWDJSO0uV7Zdqt7cNb6RZZ+A==",
        "dependencies": {
          "Castle.Core": "5.1.1"
        }
      },
      "Newtonsoft.Json": {
        "type": "Transitive",
        "resolved": "13.0.3",
        "contentHash": "HrC5BXdl00IP9zeV+0Z848QWPAoCr9P3bDEZguI+gkLcBKAOxix/tLEAAHC+UvDNPv4a2d18lOReHMOagPa+zQ=="
      },
      "runtime.linux-arm.runtime.native.System.IO.Ports": {
        "type": "Transitive",
        "resolved": "8.0.0",
        "contentHash": "gK720fg6HemDg8sXcfy+xCMZ9+hF78Gc7BmREbmkS4noqlu1BAr9qZtuWGhLzFjBfgecmdtl4+SYVwJ1VneZBQ=="
      },
      "runtime.linux-arm64.runtime.native.System.IO.Ports": {
        "type": "Transitive",
        "resolved": "8.0.0",
        "contentHash": "KYG6/3ojhEWbb3FwQAKgGWPHrY+HKUXXdVjJlrtyCLn3EMcNTaNcPadb2c0ndQzixZSmAxZKopXJr0nLwhOrpQ=="
      },
      "runtime.linux-x64.runtime.native.System.IO.Ports": {
        "type": "Transitive",
        "resolved": "8.0.0",
        "contentHash": "Wnw5vhA4mgGbIFoo6l9Fk3iEcwRSq49a1aKwJgXUCUtEQLCSUDjTGSxqy/oMUuOyyn7uLHsH8KgZzQ1y3lReiQ=="
      },
      "runtime.native.System.IO.Ports": {
        "type": "Transitive",
        "resolved": "8.0.0",
        "contentHash": "Ee7Sz5llLpTgyKIWzKI/GeuRSbFkOABgJRY00SqTY0OkTYtkB+9l5rFZfE7fxPA3c22RfytCBYkUdAkcmwMjQg==",
        "dependencies": {
          "runtime.linux-arm.runtime.native.System.IO.Ports": "8.0.0",
          "runtime.linux-arm64.runtime.native.System.IO.Ports": "8.0.0",
          "runtime.linux-x64.runtime.native.System.IO.Ports": "8.0.0",
          "runtime.osx-arm64.runtime.native.System.IO.Ports": "8.0.0",
          "runtime.osx-x64.runtime.native.System.IO.Ports": "8.0.0"
        }
      },
      "runtime.osx-arm64.runtime.native.System.IO.Ports": {
        "type": "Transitive",
        "resolved": "8.0.0",
        "contentHash": "rbUBLAaFW9oVkbsb0+XSrAo2QdhBeAyzLl5KQ6Oci9L/u626uXGKInsVJG6B9Z5EO8bmplC8tsMiaHK8wOBZ+w=="
      },
      "runtime.osx-x64.runtime.native.System.IO.Ports": {
        "type": "Transitive",
        "resolved": "8.0.0",
        "contentHash": "IcfB4jKtM9pkzP9OpYelEcUX1MiDt0IJPBh3XYYdEISFF+6Mc+T8WWi0dr9wVh1gtcdVjubVEIBgB8BHESlGfQ=="
      },
      "System.Collections.Immutable": {
        "type": "Transitive",
        "resolved": "8.0.0",
        "contentHash": "AurL6Y5BA1WotzlEvVaIDpqzpIPvYnnldxru8oXJU2yFxFUy3+pNXjXd1ymO+RA0rq0+590Q8gaz2l3Sr7fmqg=="
      },
      "System.Diagnostics.EventLog": {
        "type": "Transitive",
        "resolved": "6.0.0",
        "contentHash": "lcyUiXTsETK2ALsZrX+nWuHSIQeazhqPphLfaRxzdGaG93+0kELqpgEHtwWOlQe7+jSFnKwaCAgL4kjeZCQJnw=="
      },
      "System.Reflection.Metadata": {
        "type": "Transitive",
        "resolved": "8.0.0",
        "contentHash": "ptvgrFh7PvWI8bcVqG5rsA/weWM09EnthFHR5SCnS6IN+P4mj6rE1lBDC4U8HL9/57htKAqy4KQ3bBj84cfYyQ==",
        "dependencies": {
          "System.Collections.Immutable": "8.0.0"
        }
      },
      "System.Runtime.CompilerServices.Unsafe": {
        "type": "Transitive",
        "resolved": "6.0.0",
        "contentHash": "/iUeP3tq1S0XdNNoMz5C9twLSrM/TH+qElHkXWaPvuNOt+99G75NrV0OS2EqHx5wMN7popYjpc8oTjC1y16DLg=="
      },
      "chroma.godotclient.gamelogic": {
        "type": "Project",
        "dependencies": {
          "Macross.Json.Extensions": "[3.0.0, )",
          "System.IO.Ports": "[8.0.0, )"
        }
      }
    }
  }
}